
Microsoft Visual Studio Solution File, Format Version 12.00
# Visual Studio Version 17
VisualStudioVersion = 17.5.33424.131
MinimumVisualStudioVersion = 10.0.40219.1
Project("{FAE04EC0-301F-11D3-BF4B-00C04F79EFBC}") = "CRIPTOGRAFIA FINAL", "CRIPTOGRAFIA FINAL\CRIPTOGRAFIA FINAL.csproj", "{07F5A0C9-8503-41C2-BB85-233814E937EB}"
EndProject
Global
	GlobalSection(SolutionConfigurationPlatforms) = preSolution
		Debug|Any CPU = Debug|Any CPU
		Release|Any CPU = Release|Any CPU
	EndGlobalSection
	GlobalSection(ProjectConfigurationPlatforms) = postSolution
		{07F5A0C9-8503-41C2-BB85-233814E937EB}.Debug|Any CPU.ActiveCfg = Debug|Any CPU
		{07F5A0C9-8503-41C2-BB85-233814E937EB}.Debug|Any CPU.Build.0 = Debug|Any CPU
		{07F5A0C9-8503-41C2-BB85-233814E937EB}.Release|Any CPU.ActiveCfg = Release|Any CPU
		{07F5A0C9-8503-41C2-BB85-233814E937EB}.Release|Any CPU.Build.0 = Release|Any CPU
	EndGlobalSection
	GlobalSection(SolutionProperties) = preSolution
		HideSolutionNode = FALSE
	EndGlobalSection
	GlobalSection(ExtensibilityGlobals) = postSolution
		SolutionGuid = {117B0133-9983-439B-84C4-E2B7B78C5216}
	EndGlobalSection
EndGlobal
